{
  "name": "@rbxts/basic-utilities",
  "version": "0.0.13",
  "lockfileVersion": 2,
  "requires": true,
  "packages": {
    "": {
      "name": "@rbxts/basic-utilities",
      "version": "0.0.13",
      "license": "ISC",
      "devDependencies": {
        "@rbxts/compiler-types": "^1.1.1-types.5",
        "@rbxts/types": "^1.0.503"
      }
    },
    "node_modules/@rbxts/compiler-types": {
      "version": "1.1.1-types.5",
      "resolved": "https://registry.npmjs.org/@rbxts/compiler-types/-/compiler-types-1.1.1-types.5.tgz",
      "integrity": "sha512-xnFLpXXYgihr5lbjeHOvAupEAJRD2yjgRpg6g4MDp+WzcIFdRGVxaIL40o4CAOvkEH5EjtTO/krDPz4NAJHfdA==",
      "dev": true
    },
    "node_modules/@rbxts/types": {
      "version": "1.0.503",
      "resolved": "https://registry.npmjs.org/@rbxts/types/-/types-1.0.503.tgz",
      "integrity": "sha512-6HIiDSjJt0USUlelhNUqFmycLVEmtKv2GbcCNnCZdgmDXZVp8y9dlsUWXZscYm+J4mSqnh8OcqWnmnVCprVRZw==",
      "dev": true
    }
  },
  "dependencies": {
    "@rbxts/compiler-types": {
      "version": "1.1.1-types.5",
      "resolved": "https://registry.npmjs.org/@rbxts/compiler-types/-/compiler-types-1.1.1-types.5.tgz",
      "integrity": "sha512-xnFLpXXYgihr5lbjeHOvAupEAJRD2yjgRpg6g4MDp+WzcIFdRGVxaIL40o4CAOvkEH5EjtTO/krDPz4NAJHfdA==",
      "dev": true
    },
    "@rbxts/types": {
      "version": "1.0.503",
      "resolved": "https://registry.npmjs.org/@rbxts/types/-/types-1.0.503.tgz",
      "integrity": "sha512-6HIiDSjJt0USUlelhNUqFmycLVEmtKv2GbcCNnCZdgmDXZVp8y9dlsUWXZscYm+J4mSqnh8OcqWnmnVCprVRZw==",
      "dev": true
    }
  }
}
